// !$*UTF8*$!
{
	archiveVersion = 1;
	classes = {
	};
	objectVersion = 46;
	objects = {

/* Begin PBXBuildFile section */
		6F5A53141DA8CF0F0074686E /* AppDelegate.swift in Sources */ = {isa = PBXBuildFile; fileRef = 6F5A53131DA8CF0F0074686E /* AppDelegate.swift */; };
		6F5A53161DA8CF0F0074686E /* ViewController.swift in Sources */ = {isa = PBXBuildFile; fileRef = 6F5A53151DA8CF0F0074686E /* ViewController.swift */; };
		6F5A53191DA8CF0F0074686E /* Main.storyboard in Resources */ = {isa = PBXBuildFile; fileRef = 6F5A53171DA8CF0F0074686E /* Main.storyboard */; };
		6F5A531B1DA8CF0F0074686E /* Assets.xcassets in Resources */ = {isa = PBXBuildFile; fileRef = 6F5A531A1DA8CF0F0074686E /* Assets.xcassets */; };
		6F5A531E1DA8CF0F0074686E /* LaunchScreen.storyboard in Resources */ = {isa = PBXBuildFile; fileRef = 6F5A531C1DA8CF0F0074686E /* LaunchScreen.storyboard */; };
		6F5A53291DA8CF0F0074686E /* ___TabBarTests.swift in Sources */ = {isa = PBXBuildFile; fileRef = 6F5A53281DA8CF0F0074686E /* ___TabBarTests.swift */; };
		6F5A53341DA8CF100074686E /* ___TabBarUITests.swift in Sources */ = {isa = PBXBuildFile; fileRef = 6F5A53331DA8CF100074686E /* ___TabBarUITests.swift */; };
		6F5A53461DA8CFD50074686E /* CustomCenterButton.swift in Sources */ = {isa = PBXBuildFile; fileRef = 6F5A53451DA8CFD50074686E /* CustomCenterButton.swift */; };
		6F5A53481DA8D8170074686E /* CustomTabBar.swift in Sources */ = {isa = PBXBuildFile; fileRef = 6F5A53471DA8D8170074686E /* CustomTabBar.swift */; };
		6F5A534A1DA8E1BA0074686E /* RootViewController.swift in Sources */ = {isa = PBXBuildFile; fileRef = 6F5A53491DA8E1BA0074686E /* RootViewController.swift */; };
/* End PBXBuildFile section */

/* Begin PBXContainerItemProxy section */
		6F5A53251DA8CF0F0074686E /* PBXContainerItemProxy */ = {
			isa = PBXContainerItemProxy;
			containerPortal = 6F5A53081DA8CF0F0074686E /* Project object */;
			proxyType = 1;
			remoteGlobalIDString = 6F5A530F1DA8CF0F0074686E;
			remoteInfo = "自定义TabBar";
		};
		6F5A53301DA8CF100074686E /* PBXContainerItemProxy */ = {
			isa = PBXContainerItemProxy;
			containerPortal = 6F5A53081DA8CF0F0074686E /* Project object */;
			proxyType = 1;
			remoteGlobalIDString = 6F5A530F1DA8CF0F0074686E;
			remoteInfo = "自定义TabBar";
		};
/* End PBXContainerItemProxy section */

/* Begin PBXFileReference section */
		6F5A53101DA8CF0F0074686E /* 自定义TabBar.app */ = {isa = PBXFileReference; explicitFileType = wrapper.application; includeInIndex = 0; path = "自定义TabBar.app"; sourceTree = BUILT_PRODUCTS_DIR; };
		6F5A53131DA8CF0F0074686E /* AppDelegate.swift */ = {isa = PBXFileReference; lastKnownFileType = sourcecode.swift; path = AppDelegate.swift; sourceTree = "<group>"; };
		6F5A53151DA8CF0F0074686E /* ViewController.swift */ = {isa = PBXFileReference; lastKnownFileType = sourcecode.swift; path = ViewController.swift; sourceTree = "<group>"; };
		6F5A53181DA8CF0F0074686E /* Base */ = {isa = PBXFileReference; lastKnownFileType = file.storyboard; name = Base; path = Base.lproj/Main.storyboard; sourceTree = "<group>"; };
		6F5A531A1DA8CF0F0074686E /* Assets.xcassets */ = {isa = PBXFileReference; lastKnownFileType = folder.assetcatalog; path = Assets.xcassets; sourceTree = "<group>"; };
		6F5A531D1DA8CF0F0074686E /* Base */ = {isa = PBXFileReference; lastKnownFileType = file.storyboard; name = Base; path = Base.lproj/LaunchScreen.storyboard; sourceTree = "<group>"; };
		6F5A531F1DA8CF0F0074686E /* Info.plist */ = {isa = PBXFileReference; lastKnownFileType = text.plist.xml; path = Info.plist; sourceTree = "<group>"; };
		6F5A53241DA8CF0F0074686E /* 自定义TabBarTests.xctest */ = {isa = PBXFileReference; explicitFileType = wrapper.cfbundle; includeInIndex = 0; path = "自定义TabBarTests.xctest"; sourceTree = BUILT_PRODUCTS_DIR; };
		6F5A53281DA8CF0F0074686E /* ___TabBarTests.swift */ = {isa = PBXFileReference; lastKnownFileType = sourcecode.swift; path = "___TabBarTests.swift"; sourceTree = "<group>"; };
		6F5A532A1DA8CF0F0074686E /* Info.plist */ = {isa = PBXFileReference; lastKnownFileType = text.plist.xml; path = Info.plist; sourceTree = "<group>"; };
		6F5A532F1DA8CF100074686E /* 自定义TabBarUITests.xctest */ = {isa = PBXFileReference; explicitFileType = wrapper.cfbundle; includeInIndex = 0; path = "自定义TabBarUITests.xctest"; sourceTree = BUILT_PRODUCTS_DIR; };
		6F5A53331DA8CF100074686E /* ___TabBarUITests.swift */ = {isa = PBXFileReference; lastKnownFileType = sourcecode.swift; path = "___TabBarUITests.swift"; sourceTree = "<group>"; };
		6F5A53351DA8CF100074686E /* Info.plist */ = {isa = PBXFileReference; lastKnownFileType = text.plist.xml; path = Info.plist; sourceTree = "<group>"; };
		6F5A53451DA8CFD50074686E /* CustomCenterButton.swift */ = {isa = PBXFileReference; fileEncoding = 4; lastKnownFileType = sourcecode.swift; path = CustomCenterButton.swift; sourceTree = "<group>"; };
		6F5A53471DA8D8170074686E /* CustomTabBar.swift */ = {isa = PBXFileReference; fileEncoding = 4; lastKnownFileType = sourcecode.swift; path = CustomTabBar.swift; sourceTree = "<group>"; };
		6F5A53491DA8E1BA0074686E /* RootViewController.swift */ = {isa = PBXFileReference; fileEncoding = 4; lastKnownFileType = sourcecode.swift; path = RootViewController.swift; sourceTree = "<group>"; };
/* End PBXFileReference section */

/* Begin PBXFrameworksBuildPhase section */
		6F5A530D1DA8CF0F0074686E /* Frameworks */ = {
			isa = PBXFrameworksBuildPhase;
			buildActionMask = 2147483647;
			files = (
			);
			runOnlyForDeploymentPostprocessing = 0;
		};
		6F5A53211DA8CF0F0074686E /* Frameworks */ = {
			isa = PBXFrameworksBuildPhase;
			buildActionMask = 2147483647;
			files = (
			);
			runOnlyForDeploymentPostprocessing = 0;
		};
		6F5A532C1DA8CF100074686E /* Frameworks */ = {
			isa = PBXFrameworksBuildPhase;
			buildActionMask = 2147483647;
			files = (
			);
			runOnlyForDeploymentPostprocessing = 0;
		};
/* End PBXFrameworksBuildPhase section */

/* Begin PBXGroup section */
		6F5A53071DA8CF0F0074686E = {
			isa = PBXGroup;
			children = (
				6F5A53121DA8CF0F0074686E /* 自定义TabBar */,
				6F5A53271DA8CF0F0074686E /* 自定义TabBarTests */,
				6F5A53321DA8CF100074686E /* 自定义TabBarUITests */,
				6F5A53111DA8CF0F0074686E /* Products */,
			);
			sourceTree = "<group>";
		};
		6F5A53111DA8CF0F0074686E /* Products */ = {
			isa = PBXGroup;
			children = (
				6F5A53101DA8CF0F0074686E /* 自定义TabBar.app */,
				6F5A53241DA8CF0F0074686E /* 自定义TabBarTests.xctest */,
				6F5A532F1DA8CF100074686E /* 自定义TabBarUITests.xctest */,
			);
			name = Products;
			sourceTree = "<group>";
		};
		6F5A53121DA8CF0F0074686E /* 自定义TabBar */ = {
			isa = PBXGroup;
			children = (
				6F5A53131DA8CF0F0074686E /* AppDelegate.swift */,
				6F5A53151DA8CF0F0074686E /* ViewController.swift */,
				6F5A53451DA8CFD50074686E /* CustomCenterButton.swift */,
				6F5A53471DA8D8170074686E /* CustomTabBar.swift */,
				6F5A53491DA8E1BA0074686E /* RootViewController.swift */,
				6F5A53171DA8CF0F0074686E /* Main.storyboard */,
				6F5A531A1DA8CF0F0074686E /* Assets.xcassets */,
				6F5A531C1DA8CF0F0074686E /* LaunchScreen.storyboard */,
				6F5A531F1DA8CF0F0074686E /* Info.plist */,
			);
			path = "自定义TabBar";
			sourceTree = "<group>";
		};
		6F5A53271DA8CF0F0074686E /* 自定义TabBarTests */ = {
			isa = PBXGroup;
			children = (
				6F5A53281DA8CF0F0074686E /* ___TabBarTests.swift */,
				6F5A532A1DA8CF0F0074686E /* Info.plist */,
			);
			path = "自定义TabBarTests";
			sourceTree = "<group>";
		};
		6F5A53321DA8CF100074686E /* 自定义TabBarUITests */ = {
			isa = PBXGroup;
			children = (
				6F5A53331DA8CF100074686E /* ___TabBarUITests.swift */,
				6F5A53351DA8CF100074686E /* Info.plist */,
			);
			path = "自定义TabBarUITests";
			sourceTree = "<group>";
		};
/* End PBXGroup section */

/* Begin PBXNativeTarget section */
		6F5A530F1DA8CF0F0074686E /* 自定义TabBar */ = {
			isa = PBXNativeTarget;
			buildConfigurationList = 6F5A53381DA8CF100074686E /* Build configuration list for PBXNativeTarget "自定义TabBar" */;
			buildPhases = (
				6F5A530C1DA8CF0F0074686E /* Sources */,
				6F5A530D1DA8CF0F0074686E /* Frameworks */,
				6F5A530E1DA8CF0F0074686E /* Resources */,
			);
			buildRules = (
			);
			dependencies = (
			);
			name = "自定义TabBar";
			productName = "自定义TabBar";
			productReference = 6F5A53101DA8CF0F0074686E /* 自定义TabBar.app */;
			productType = "com.apple.product-type.application";
		};
		6F5A53231DA8CF0F0074686E /* 自定义TabBarTests */ = {
			isa = PBXNativeTarget;
			buildConfigurationList = 6F5A533B1DA8CF100074686E /* Build configuration list for PBXNativeTarget "自定义TabBarTests" */;
			buildPhases = (
				6F5A53201DA8CF0F0074686E /* Sources */,
				6F5A53211DA8CF0F0074686E /* Frameworks */,
				6F5A53221DA8CF0F0074686E /* Resources */,
			);
			buildRules = (
			);
			dependencies = (
				6F5A53261DA8CF0F0074686E /* PBXTargetDependency */,
			);
			name = "自定义TabBarTests";
			productName = "自定义TabBarTests";
			productReference = 6F5A53241DA8CF0F0074686E /* 自定义TabBarTests.xctest */;
			productType = "com.apple.product-type.bundle.unit-test";
		};
		6F5A532E1DA8CF100074686E /* 自定义TabBarUITests */ = {
			isa = PBXNativeTarget;
			buildConfigurationList = 6F5A533E1DA8CF100074686E /* Build configuration list for PBXNativeTarget "自定义TabBarUITests" */;
			buildPhases = (
				6F5A532B1DA8CF100074686E /* Sources */,
				6F5A532C1DA8CF100074686E /* Frameworks */,
				6F5A532D1DA8CF100074686E /* Resources */,
			);
			buildRules = (
			);
			dependencies = (
				6F5A53311DA8CF100074686E /* PBXTargetDependency */,
			);
			name = "自定义TabBarUITests";
			productName = "自定义TabBarUITests";
			productReference = 6F5A532F1DA8CF100074686E /* 自定义TabBarUITests.xctest */;
			productType = "com.apple.product-type.bundle.ui-testing";
		};
/* End PBXNativeTarget section */

/* Begin PBXProject section */
		6F5A53081DA8CF0F0074686E /* Project object */ = {
			isa = PBXProject;
			attributes = {
				LastSwiftUpdateCheck = 0810;
				LastUpgradeCheck = 0810;
				ORGANIZATIONNAME = Young;
				TargetAttributes = {
					6F5A530F1DA8CF0F0074686E = {
						CreatedOnToolsVersion = 8.1;
						ProvisioningStyle = Automatic;
					};
					6F5A53231DA8CF0F0074686E = {
						CreatedOnToolsVersion = 8.1;
						ProvisioningStyle = Automatic;
						TestTargetID = 6F5A530F1DA8CF0F0074686E;
					};
					6F5A532E1DA8CF100074686E = {
						CreatedOnToolsVersion = 8.1;
						ProvisioningStyle = Automatic;
						TestTargetID = 6F5A530F1DA8CF0F0074686E;
					};
				};
			};
			buildConfigurationList = 6F5A530B1DA8CF0F0074686E /* Build configuration list for PBXProject "自定义TabBar" */;
			compatibilityVersion = "Xcode 3.2";
			developmentRegion = English;
			hasScannedForEncodings = 0;
			knownRegions = (
				en,
				Base,
			);
			mainGroup = 6F5A53071DA8CF0F0074686E;
			productRefGroup = 6F5A53111DA8CF0F0074686E /* Products */;
			projectDirPath = "";
			projectRoot = "";
			targets = (
				6F5A530F1DA8CF0F0074686E /* 自定义TabBar */,
				6F5A53231DA8CF0F0074686E /* 自定义TabBarTests */,
				6F5A532E1DA8CF100074686E /* 自定义TabBarUITests */,
			);
		};
/* End PBXProject section */

/* Begin PBXResourcesBuildPhase section */
		6F5A530E1DA8CF0F0074686E /* Resources */ = {
			isa = PBXResourcesBuildPhase;
			buildActionMask = 2147483647;
			files = (
				6F5A531E1DA8CF0F0074686E /* LaunchScreen.storyboard in Resources */,
				6F5A531B1DA8CF0F0074686E /* Assets.xcassets in Resources */,
				6F5A53191DA8CF0F0074686E /* Main.storyboard in Resources */,
			);
			runOnlyForDeploymentPostprocessing = 0;
		};
		6F5A53221DA8CF0F0074686E /* Resources */ = {
			isa = PBXResourcesBuildPhase;
			buildActionMask = 2147483647;
			files = (
			);
			runOnlyForDeploymentPostprocessing = 0;
		};
		6F5A532D1DA8CF100074686E /* Resources */ = {
			isa = PBXResourcesBuildPhase;
			buildActionMask = 2147483647;
			files = (
			);
			runOnlyForDeploymentPostprocessing = 0;
		};
/* End PBXResourcesBuildPhase section */

/* Begin PBXSourcesBuildPhase section */
		6F5A530C1DA8CF0F0074686E /* Sources */ = {
			isa = PBXSourcesBuildPhase;
			buildActionMask = 2147483647;
			files = (
				6F5A534A1DA8E1BA0074686E /* RootViewController.swift in Sources */,
				6F5A53481DA8D8170074686E /* CustomTabBar.swift in Sources */,
				6F5A53461DA8CFD50074686E /* CustomCenterButton.swift in Sources */,
				6F5A53161DA8CF0F0074686E /* ViewController.swift in Sources */,
				6F5A53141DA8CF0F0074686E /* AppDelegate.swift in Sources */,
			);
			runOnlyForDeploymentPostprocessing = 0;
		};
		6F5A53201DA8CF0F0074686E /* Sources */ = {
			isa = PBXSourcesBuildPhase;
			buildActionMask = 2147483647;
			files = (
				6F5A53291DA8CF0F0074686E /* ___TabBarTests.swift in Sources */,
			);
			runOnlyForDeploymentPostprocessing = 0;
		};
		6F5A532B1DA8CF100074686E /* Sources */ = {
			isa = PBXSourcesBuildPhase;
			buildActionMask = 2147483647;
			files = (
				6F5A53341DA8CF100074686E /* ___TabBarUITests.swift in Sources */,
			);
			runOnlyForDeploymentPostprocessing = 0;
		};
/* End PBXSourcesBuildPhase section */

/* Begin PBXTargetDependency section */
		6F5A53261DA8CF0F0074686E /* PBXTargetDependency */ = {
			isa = PBXTargetDependency;
			target = 6F5A530F1DA8CF0F0074686E /* 自定义TabBar */;
			targetProxy = 6F5A53251DA8CF0F0074686E /* PBXContainerItemProxy */;
		};
		6F5A53311DA8CF100074686E /* PBXTargetDependency */ = {
			isa = PBXTargetDependency;
			target = 6F5A530F1DA8CF0F0074686E /* 自定义TabBar */;
			targetProxy = 6F5A53301DA8CF100074686E /* PBXContainerItemProxy */;
		};
/* End PBXTargetDependency section */

/* Begin PBXVariantGroup section */
		6F5A53171DA8CF0F0074686E /* Main.storyboard */ = {
			isa = PBXVariantGroup;
			children = (
				6F5A53181DA8CF0F0074686E /* Base */,
			);
			name = Main.storyboard;
			sourceTree = "<group>";
		};
		6F5A531C1DA8CF0F0074686E /* LaunchScreen.storyboard */ = {
			isa = PBXVariantGroup;
			children = (
				6F5A531D1DA8CF0F0074686E /* Base */,
			);
			name = LaunchScreen.storyboard;
			sourceTree = "<group>";
		};
/* End PBXVariantGroup section */

/* Begin XCBuildConfiguration section */
		6F5A53361DA8CF100074686E /* Debug */ = {
			isa = XCBuildConfiguration;
			buildSettings = {
				ALWAYS_SEARCH_USER_PATHS = NO;
				CLANG_ANALYZER_NONNULL = YES;
				CLANG_CXX_LANGUAGE_STANDARD = "gnu++0x";
				CLANG_CXX_LIBRARY = "libc++";
				CLANG_ENABLE_MODULES = YES;
				CLANG_ENABLE_OBJC_ARC = YES;
				CLANG_WARN_BOOL_CONVERSION = YES;
				CLANG_WARN_CONSTANT_CONVERSION = YES;
				CLANG_WARN_DIRECT_OBJC_ISA_USAGE = YES_ERROR;
				CLANG_WARN_DOCUMENTATION_COMMENTS = YES;
				CLANG_WARN_EMPTY_BODY = YES;
				CLANG_WARN_ENUM_CONVERSION = YES;
				CLANG_WARN_INFINITE_RECURSION = YES;
				CLANG_WARN_INT_CONVERSION = YES;
				CLANG_WARN_OBJC_ROOT_CLASS = YES_ERROR;
				CLANG_WARN_SUSPICIOUS_MOVES = YES;
				CLANG_WARN_UNREACHABLE_CODE = YES;
				CLANG_WARN__DUPLICATE_METHOD_MATCH = YES;
				"CODE_SIGN_IDENTITY[sdk=iphoneos*]" = "iPhone Developer";
				COPY_PHASE_STRIP = NO;
				DEBUG_INFORMATION_FORMAT = dwarf;
				ENABLE_STRICT_OBJC_MSGSEND = YES;
				ENABLE_TESTABILITY = YES;
				GCC_C_LANGUAGE_STANDARD = gnu99;
				GCC_DYNAMIC_NO_PIC = NO;
				GCC_NO_COMMON_BLOCKS = YES;
				GCC_OPTIMIZATION_LEVEL = 0;
				GCC_PREPROCESSOR_DEFINITIONS = (
					"DEBUG=1",
					"$(inherited)",
				);
				GCC_WARN_64_TO_32_BIT_CONVERSION = YES;
				GCC_WARN_ABOUT_RETURN_TYPE = YES_ERROR;
				GCC_WARN_UNDECLARED_SELECTOR = YES;
				GCC_WARN_UNINITIALIZED_AUTOS = YES_AGGRESSIVE;
				GCC_WARN_UNUSED_FUNCTION = YES;
				GCC_WARN_UNUSED_VARIABLE = YES;
				IPHONEOS_DEPLOYMENT_TARGET = 10.1;
				MTL_ENABLE_DEBUG_INFO = YES;
				ONLY_ACTIVE_ARCH = YES;
				SDKROOT = iphoneos;
				SWIFT_ACTIVE_COMPILATION_CONDITIONS = DEBUG;
				SWIFT_OPTIMIZATION_LEVEL = "-Onone";
				TARGETED_DEVICE_FAMILY = "1,2";
			};
			name = Debug;
		};
		6F5A53371DA8CF100074686E /* Release */ = {
			isa = XCBuildConfiguration;
			buildSettings = {
				ALWAYS_SEARCH_USER_PATHS = NO;
				CLANG_ANALYZER_NONNULL = YES;
				CLANG_CXX_LANGUAGE_STANDARD = "gnu++0x";
				CLANG_CXX_LIBRARY = "libc++";
				CLANG_ENABLE_MODULES = YES;
				CLANG_ENABLE_OBJC_ARC = YES;
				CLANG_WARN_BOOL_CONVERSION = YES;
				CLANG_WARN_CONSTANT_CONVERSION = YES;
				CLANG_WARN_DIRECT_OBJC_ISA_USAGE = YES_ERROR;
				CLANG_WARN_DOCUMENTATION_COMMENTS = YES;
				CLANG_WARN_EMPTY_BODY = YES;
				CLANG_WARN_ENUM_CONVERSION = YES;
				CLANG_WARN_INFINITE_RECURSION = YES;
				CLANG_WARN_INT_CONVERSION = YES;
				CLANG_WARN_OBJC_ROOT_CLASS = YES_ERROR;
				CLANG_WARN_SUSPICIOUS_MOVES = YES;
				CLANG_WARN_UNREACHABLE_CODE = YES;
				CLANG_WARN__DUPLICATE_METHOD_MATCH = YES;
				"CODE_SIGN_IDENTITY[sdk=iphoneos*]" = "iPhone Developer";
				COPY_PHASE_STRIP = NO;
				DEBUG_INFORMATION_FORMAT = "dwarf-with-dsym";
				ENABLE_NS_ASSERTIONS = NO;
				ENABLE_STRICT_OBJC_MSGSEND = YES;
				GCC_C_LANGUAGE_STANDARD = gnu99;
				GCC_NO_COMMON_BLOCKS = YES;
				GCC_WARN_64_TO_32_BIT_CONVERSION = YES;
				GCC_WARN_ABOUT_RETURN_TYPE = YES_ERROR;
				GCC_WARN_UNDECLARED_SELECTOR = YES;
				GCC_WARN_UNINITIALIZED_AUTOS = YES_AGGRESSIVE;
				GCC_WARN_UNUSED_FUNCTION = YES;
				GCC_WARN_UNUSED_VARIABLE = YES;
				IPHONEOS_DEPLOYMENT_TARGET = 10.1;
				MTL_ENABLE_DEBUG_INFO = NO;
				SDKROOT = iphoneos;
				SWIFT_OPTIMIZATION_LEVEL = "-Owholemodule";
				TARGETED_DEVICE_FAMILY = "1,2";
				VALIDATE_PRODUCT = YES;
			};
			name = Release;
		};
		6F5A53391DA8CF100074686E /* Debug */ = {
			isa = XCBuildConfiguration;
			buildSettings = {
				ASSETCATALOG_COMPILER_APPICON_NAME = AppIcon;
				INFOPLIST_FILE = "自定义TabBar/Info.plist";
				IPHONEOS_DEPLOYMENT_TARGET = 10.0;
				LD_RUNPATH_SEARCH_PATHS = "$(inherited) @executable_path/Frameworks";
				PRODUCT_BUNDLE_IDENTIFIER = "Smile.---TabBar";
				PRODUCT_NAME = "$(TARGET_NAME)";
				SWIFT_VERSION = 3.0;
			};
			name = Debug;
		};
		6F5A533A1DA8CF100074686E /* Release */ = {
			isa = XCBuildConfiguration;
			buildSettings = {
				ASSETCATALOG_COMPILER_APPICON_NAME = AppIcon;
				INFOPLIST_FILE = "自定义TabBar/Info.plist";
				IPHONEOS_DEPLOYMENT_TARGET = 10.0;
				LD_RUNPATH_SEARCH_PATHS = "$(inherited) @executable_path/Frameworks";
				PRODUCT_BUNDLE_IDENTIFIER = "Smile.---TabBar";
				PRODUCT_NAME = "$(TARGET_NAME)";
				SWIFT_VERSION = 3.0;
			};
			name = Release;
		};
		6F5A533C1DA8CF100074686E /* Debug */ = {
			isa = XCBuildConfiguration;
			buildSettings = {
				ALWAYS_EMBED_SWIFT_STANDARD_LIBRARIES = YES;
				BUNDLE_LOADER = "$(TEST_HOST)";
				INFOPLIST_FILE = "自定义TabBarTests/Info.plist";
				LD_RUNPATH_SEARCH_PATHS = "$(inherited) @executable_path/Frameworks @loader_path/Frameworks";
				PRODUCT_BUNDLE_IDENTIFIER = "Smile.---TabBarTests";
				PRODUCT_NAME = "$(TARGET_NAME)";
				SWIFT_VERSION = 3.0;
				TEST_HOST = "$(BUILT_PRODUCTS_DIR)/自定义TabBar.app/自定义TabBar";
			};
			name = Debug;
		};
		6F5A533D1DA8CF100074686E /* Release */ = {
			isa = XCBuildConfiguration;
			buildSettings = {
				ALWAYS_EMBED_SWIFT_STANDARD_LIBRARIES = YES;
				BUNDLE_LOADER = "$(TEST_HOST)";
				INFOPLIST_FILE = "自定义TabBarTests/Info.plist";
				LD_RUNPATH_SEARCH_PATHS = "$(inherited) @executable_path/Frameworks @loader_path/Frameworks";
				PRODUCT_BUNDLE_IDENTIFIER = "Smile.---TabBarTests";
				PRODUCT_NAME = "$(TARGET_NAME)";
				SWIFT_VERSION = 3.0;
				TEST_HOST = "$(BUILT_PRODUCTS_DIR)/自定义TabBar.app/自定义TabBar";
			};
			name = Release;
		};
		6F5A533F1DA8CF100074686E /* Debug */ = {
			isa = XCBuildConfiguration;
			buildSettings = {
				ALWAYS_EMBED_SWIFT_STANDARD_LIBRARIES = YES;
				INFOPLIST_FILE = "自定义TabBarUITests/Info.plist";
				LD_RUNPATH_SEARCH_PATHS = "$(inherited) @executable_path/Frameworks @loader_path/Frameworks";
				PRODUCT_BUNDLE_IDENTIFIER = "Smile.---TabBarUITests";
				PRODUCT_NAME = "$(TARGET_NAME)";
				SWIFT_VERSION = 3.0;
				TEST_TARGET_NAME = "自定义TabBar";
			};
			name = Debug;
		};
		6F5A53401DA8CF100074686E /* Release */ = {
			isa = XCBuildConfiguration;
			buildSettings = {
				ALWAYS_EMBED_SWIFT_STANDARD_LIBRARIES = YES;
				INFOPLIST_FILE = "自定义TabBarUITests/Info.plist";
				LD_RUNPATH_SEARCH_PATHS = "$(inherited) @executable_path/Frameworks @loader_path/Frameworks";
				PRODUCT_BUNDLE_IDENTIFIER = "Smile.---TabBarUITests";
				PRODUCT_NAME = "$(TARGET_NAME)";
				SWIFT_VERSION = 3.0;
				TEST_TARGET_NAME = "自定义TabBar";
			};
			name = Release;
		};
/* End XCBuildConfiguration section */

/* Begin XCConfigurationList section */
		6F5A530B1DA8CF0F0074686E /* Build configuration list for PBXProject "自定义TabBar" */ = {
			isa = XCConfigurationList;
			buildConfigurations = (
				6F5A53361DA8CF100074686E /* Debug */,
				6F5A53371DA8CF100074686E /* Release */,
			);
			defaultConfigurationIsVisible = 0;
			defaultConfigurationName = Release;
		};
		6F5A53381DA8CF100074686E /* Build configuration list for PBXNativeTarget "自定义TabBar" */ = {
			isa = XCConfigurationList;
			buildConfigurations = (
				6F5A53391DA8CF100074686E /* Debug */,
				6F5A533A1DA8CF100074686E /* Release */,
			);
			defaultConfigurationIsVisible = 0;
			defaultConfigurationName = Release;
		};
		6F5A533B1DA8CF100074686E /* Build configuration list for PBXNativeTarget "自定义TabBarTests" */ = {
			isa = XCConfigurationList;
			buildConfigurations = (
				6F5A533C1DA8CF100074686E /* Debug */,
				6F5A533D1DA8CF100074686E /* Release */,
			);
			defaultConfigurationIsVisible = 0;
			defaultConfigurationName = Release;
		};
		6F5A533E1DA8CF100074686E /* Build configuration list for PBXNativeTarget "自定义TabBarUITests" */ = {
			isa = XCConfigurationList;
			buildConfigurations = (
				6F5A533F1DA8CF100074686E /* Debug */,
				6F5A53401DA8CF100074686E /* Release */,
			);
			defaultConfigurationIsVisible = 0;
			defaultConfigurationName = Release;
		};
/* End XCConfigurationList section */
	};
	rootObject = 6F5A53081DA8CF0F0074686E /* Project object */;
}
